
Microsoft Visual Studio Solution File, Format Version 12.00
# Visual Studio Version 16
VisualStudioVersion = 16.0.31410.357
MinimumVisualStudioVersion = 10.0.40219.1
Project("{FAE04EC0-301F-11D3-BF4B-00C04F79EFBC}") = "Hazır-Metodlar-String", "Hazır-Metodlar-String\Hazır-Metodlar-String.csproj", "{02466645-2E16-4E7D-A2FC-268A99F3F78C}"
EndProject
Global
	GlobalSection(SolutionConfigurationPlatforms) = preSolution
		Debug|Any CPU = Debug|Any CPU
		Release|Any CPU = Release|Any CPU
	EndGlobalSection
	GlobalSection(ProjectConfigurationPlatforms) = postSolution
		{02466645-2E16-4E7D-A2FC-268A99F3F78C}.Debug|Any CPU.ActiveCfg = Debug|Any CPU
		{02466645-2E16-4E7D-A2FC-268A99F3F78C}.Debug|Any CPU.Build.0 = Debug|Any CPU
		{02466645-2E16-4E7D-A2FC-268A99F3F78C}.Release|Any CPU.ActiveCfg = Release|Any CPU
		{02466645-2E16-4E7D-A2FC-268A99F3F78C}.Release|Any CPU.Build.0 = Release|Any CPU
	EndGlobalSection
	GlobalSection(SolutionProperties) = preSolution
		HideSolutionNode = FALSE
	EndGlobalSection
	GlobalSection(ExtensibilityGlobals) = postSolution
		SolutionGuid = {E848CF0F-A64F-48FE-9F96-3F516EB373EF}
	EndGlobalSection
EndGlobal
