
Microsoft Visual Studio Solution File, Format Version 12.00
# Visual Studio Version 16
VisualStudioVersion = 16.0.31205.134
MinimumVisualStudioVersion = 10.0.40219.1
Project("{FAE04EC0-301F-11D3-BF4B-00C04F79EFBC}") = "switch-case-karar-yapıları-2", "switch-case-karar-yapıları-2\switch-case-karar-yapıları-2.csproj", "{7E8820D2-ADC5-4E79-A60E-3B3BC845E59D}"
EndProject
Global
	GlobalSection(SolutionConfigurationPlatforms) = preSolution
		Debug|Any CPU = Debug|Any CPU
		Release|Any CPU = Release|Any CPU
	EndGlobalSection
	GlobalSection(ProjectConfigurationPlatforms) = postSolution
		{7E8820D2-ADC5-4E79-A60E-3B3BC845E59D}.Debug|Any CPU.ActiveCfg = Debug|Any CPU
		{7E8820D2-ADC5-4E79-A60E-3B3BC845E59D}.Debug|Any CPU.Build.0 = Debug|Any CPU
		{7E8820D2-ADC5-4E79-A60E-3B3BC845E59D}.Release|Any CPU.ActiveCfg = Release|Any CPU
		{7E8820D2-ADC5-4E79-A60E-3B3BC845E59D}.Release|Any CPU.Build.0 = Release|Any CPU
	EndGlobalSection
	GlobalSection(SolutionProperties) = preSolution
		HideSolutionNode = FALSE
	EndGlobalSection
	GlobalSection(ExtensibilityGlobals) = postSolution
		SolutionGuid = {BEA04C4B-6508-4E67-8E88-F8E5E6E52C14}
	EndGlobalSection
EndGlobal
