
Microsoft Visual Studio Solution File, Format Version 12.00
# Visual Studio Version 16
VisualStudioVersion = 16.0.31410.357
MinimumVisualStudioVersion = 10.0.40219.1
Project("{FAE04EC0-301F-11D3-BF4B-00C04F79EFBC}") = "METOTLAR", "METOTLAR\METOTLAR.csproj", "{FE5A8D69-477D-4124-91F8-DD56FC8A04F9}"
EndProject
Global
	GlobalSection(SolutionConfigurationPlatforms) = preSolution
		Debug|Any CPU = Debug|Any CPU
		Release|Any CPU = Release|Any CPU
	EndGlobalSection
	GlobalSection(ProjectConfigurationPlatforms) = postSolution
		{FE5A8D69-477D-4124-91F8-DD56FC8A04F9}.Debug|Any CPU.ActiveCfg = Debug|Any CPU
		{FE5A8D69-477D-4124-91F8-DD56FC8A04F9}.Debug|Any CPU.Build.0 = Debug|Any CPU
		{FE5A8D69-477D-4124-91F8-DD56FC8A04F9}.Release|Any CPU.ActiveCfg = Release|Any CPU
		{FE5A8D69-477D-4124-91F8-DD56FC8A04F9}.Release|Any CPU.Build.0 = Release|Any CPU
	EndGlobalSection
	GlobalSection(SolutionProperties) = preSolution
		HideSolutionNode = FALSE
	EndGlobalSection
	GlobalSection(ExtensibilityGlobals) = postSolution
		SolutionGuid = {6B49AF98-2CAF-48C4-A213-E416F88223A0}
	EndGlobalSection
EndGlobal
