
Microsoft Visual Studio Solution File, Format Version 12.00
# Visual Studio Version 16
VisualStudioVersion = 16.0.31410.357
MinimumVisualStudioVersion = 10.0.40219.1
Project("{FAE04EC0-301F-11D3-BF4B-00C04F79EFBC}") = "DONGULER-WHİLE-FOREACH", "DONGULER-WHİLE-FOREACH\DONGULER-WHİLE-FOREACH.csproj", "{791969C5-0B22-4AF5-8D07-0E0FBBEF7D25}"
EndProject
Global
	GlobalSection(SolutionConfigurationPlatforms) = preSolution
		Debug|Any CPU = Debug|Any CPU
		Release|Any CPU = Release|Any CPU
	EndGlobalSection
	GlobalSection(ProjectConfigurationPlatforms) = postSolution
		{791969C5-0B22-4AF5-8D07-0E0FBBEF7D25}.Debug|Any CPU.ActiveCfg = Debug|Any CPU
		{791969C5-0B22-4AF5-8D07-0E0FBBEF7D25}.Debug|Any CPU.Build.0 = Debug|Any CPU
		{791969C5-0B22-4AF5-8D07-0E0FBBEF7D25}.Release|Any CPU.ActiveCfg = Release|Any CPU
		{791969C5-0B22-4AF5-8D07-0E0FBBEF7D25}.Release|Any CPU.Build.0 = Release|Any CPU
	EndGlobalSection
	GlobalSection(SolutionProperties) = preSolution
		HideSolutionNode = FALSE
	EndGlobalSection
	GlobalSection(ExtensibilityGlobals) = postSolution
		SolutionGuid = {8BFB9279-A5D1-41FE-8348-16F7B3A0D23E}
	EndGlobalSection
EndGlobal
