
Microsoft Visual Studio Solution File, Format Version 12.00
# Visual Studio Version 16
VisualStudioVersion = 16.0.31410.357
MinimumVisualStudioVersion = 10.0.40219.1
Project("{FAE04EC0-301F-11D3-BF4B-00C04F79EFBC}") = "recursive_extension_metotlar", "recursive_extension_metotlar\recursive_extension_metotlar.csproj", "{8F367B0B-1F41-4778-AC3D-323E89F0EAAE}"
EndProject
Global
	GlobalSection(SolutionConfigurationPlatforms) = preSolution
		Debug|Any CPU = Debug|Any CPU
		Release|Any CPU = Release|Any CPU
	EndGlobalSection
	GlobalSection(ProjectConfigurationPlatforms) = postSolution
		{8F367B0B-1F41-4778-AC3D-323E89F0EAAE}.Debug|Any CPU.ActiveCfg = Debug|Any CPU
		{8F367B0B-1F41-4778-AC3D-323E89F0EAAE}.Debug|Any CPU.Build.0 = Debug|Any CPU
		{8F367B0B-1F41-4778-AC3D-323E89F0EAAE}.Release|Any CPU.ActiveCfg = Release|Any CPU
		{8F367B0B-1F41-4778-AC3D-323E89F0EAAE}.Release|Any CPU.Build.0 = Release|Any CPU
	EndGlobalSection
	GlobalSection(SolutionProperties) = preSolution
		HideSolutionNode = FALSE
	EndGlobalSection
	GlobalSection(ExtensibilityGlobals) = postSolution
		SolutionGuid = {94587BB3-CC8C-4622-A8C2-04030462593F}
	EndGlobalSection
EndGlobal
