
Microsoft Visual Studio Solution File, Format Version 12.00
# Visual Studio Version 16
VisualStudioVersion = 16.0.31205.134
MinimumVisualStudioVersion = 10.0.40219.1
Project("{FAE04EC0-301F-11D3-BF4B-00C04F79EFBC}") = "operatorler", "operatorler\operatorler.csproj", "{BFF59EDA-0113-439F-B968-C667A191386B}"
EndProject
Global
	GlobalSection(SolutionConfigurationPlatforms) = preSolution
		Debug|Any CPU = Debug|Any CPU
		Release|Any CPU = Release|Any CPU
	EndGlobalSection
	GlobalSection(ProjectConfigurationPlatforms) = postSolution
		{BFF59EDA-0113-439F-B968-C667A191386B}.Debug|Any CPU.ActiveCfg = Debug|Any CPU
		{BFF59EDA-0113-439F-B968-C667A191386B}.Debug|Any CPU.Build.0 = Debug|Any CPU
		{BFF59EDA-0113-439F-B968-C667A191386B}.Release|Any CPU.ActiveCfg = Release|Any CPU
		{BFF59EDA-0113-439F-B968-C667A191386B}.Release|Any CPU.Build.0 = Release|Any CPU
	EndGlobalSection
	GlobalSection(SolutionProperties) = preSolution
		HideSolutionNode = FALSE
	EndGlobalSection
	GlobalSection(ExtensibilityGlobals) = postSolution
		SolutionGuid = {3FB3801B-2583-46B4-AA86-4ACD306BE8AA}
	EndGlobalSection
EndGlobal
